
Microsoft Visual Studio Solution File, Format Version 12.00
# Visual Studio Version 16
VisualStudioVersion = 16.0.32106.194
MinimumVisualStudioVersion = 10.0.40219.1
Project("{FAE04EC0-301F-11D3-BF4B-00C04F79EFBC}") = "PersonalBlog20net", "PersonalBlog20net\PersonalBlog20net.csproj", "{89C74930-B2F0-4672-8D16-DCFF86B4DB7C}"
EndProject
Global
	GlobalSection(SolutionConfigurationPlatforms) = preSolution
		Debug|Any CPU = Debug|Any CPU
		Release|Any CPU = Release|Any CPU
	EndGlobalSection
	GlobalSection(ProjectConfigurationPlatforms) = postSolution
		{89C74930-B2F0-4672-8D16-DCFF86B4DB7C}.Debug|Any CPU.ActiveCfg = Debug|Any CPU
		{89C74930-B2F0-4672-8D16-DCFF86B4DB7C}.Debug|Any CPU.Build.0 = Debug|Any CPU
		{89C74930-B2F0-4672-8D16-DCFF86B4DB7C}.Release|Any CPU.ActiveCfg = Release|Any CPU
		{89C74930-B2F0-4672-8D16-DCFF86B4DB7C}.Release|Any CPU.Build.0 = Release|Any CPU
	EndGlobalSection
	GlobalSection(SolutionProperties) = preSolution
		HideSolutionNode = FALSE
	EndGlobalSection
	GlobalSection(ExtensibilityGlobals) = postSolution
		SolutionGuid = {DC749595-3ED7-4BAC-BA33-699AEEDEA9FE}
	EndGlobalSection
EndGlobal
